     1	# THIS IS AN AUTOGENERATED FILE. DO NOT EDIT THIS FILE DIRECTLY.
     2	# yarn lockfile v1
     3	
     4	
     5	accepts@~1.3.8:
     6	  version "1.3.8"
     7	  resolved "https://registry.yarnpkg.com/accepts/-/accepts-1.3.8.tgz#0bf0be125b67014adcb0b0921e62db7bffe16b2e"
     8	  integrity sha512-PYAthTa2m2VKxuvSD3DPC/Gy+U+sOA1LAuT8mkmRuvw+NACSaeXEQ+NHcVF7rONl6qcaxV3Uuemwawk+7+SJLw==
     9	  dependencies:
    10	    mime-types "~2.1.34"
    11	    negotiator "0.6.3"
    12	
    13	array-flatten@1.1.1:
    14	  version "1.1.1"
    15	  resolved "https://registry.yarnpkg.com/array-flatten/-/array-flatten-1.1.1.tgz#9a5f699051b1e7073328f2a008968b64ea2955d2"
    16	  integrity sha512-PCVAQswWemu6UdxsDFFX/+gVeYqKAod3D3UVm91jHwynguOwAvYPhx8nNlM++NqRcK6CxxpUafjmhIdKiHibqg==
    17	
    18	asynckit@^0.4.0:
    19	  version "0.4.0"
    20	  resolved "https://registry.yarnpkg.com/asynckit/-/asynckit-0.4.0.tgz#c79ed97f7f34cb8f2ba1bc9790bcc366474b4b79"
    21	  integrity sha512-Oei9OH4tRh0YqU3GxhX79dM/mwVgvbZJaSNaRk+bshkj0S5cfHcgYakreBjrHwatXKbz+IoIdYLxrKim2MjW0Q==
    22	
    23	axios@^1.15.2:
    24	  version "1.15.2"
    25	  resolved "https://registry.yarnpkg.com/axios/-/axios-1.15.2.tgz#eb8fb6d30349abace6ade5b4cb4d9e8a0dc23e5b"
    26	  integrity sha512-wLrXxPtcrPTsNlJmKjkPnNPK2Ihe0hn0wGSaTEiHRPxwjvJwT3hKmXF4dpqxmPO9SoNb2FsYXj/xEo0gHN+D5A==
    27	  dependencies:
    28	    follow-redirects "^1.15.11"
    29	    form-data "^4.0.5"
    30	    proxy-from-env "^2.1.0"
    31	
    32	body-parser@~1.20.3:
    33	  version "1.20.5"
    34	  resolved "https://registry.yarnpkg.com/body-parser/-/body-parser-1.20.5.tgz#303c8c34423d1d6fa799bc764e93c1e4dc6ebf64"
    35	  integrity sha512-3grm+/2tUOvu2cjJkvsIxrv/wVpfXQW4PsQHYm7yk4vfpu7Ekl6nEsYBoJUL6qDwZUx8wUhQ8tR2qz+ad9c9OA==
    36	  dependencies:
    37	    bytes "~3.1.2"
    38	    content-type "~1.0.5"
    39	    debug "2.6.9"
    40	    depd "2.0.0"
    41	    destroy "~1.2.0"
    42	    http-errors "~2.0.1"
    43	    iconv-lite "~0.4.24"
    44	    on-finished "~2.4.1"
    45	    qs "~6.15.1"
    46	    raw-body "~2.5.3"
    47	    type-is "~1.6.18"
    48	    unpipe "~1.0.0"
    49	
    50	boolbase@^1.0.0:
    51	  version "1.0.0"
    52	  resolved "https://registry.yarnpkg.com/boolbase/-/boolbase-1.0.0.tgz#68dff5fbe60c51eb37725ea9e3ed310dcc1e776e"
    53	  integrity sha512-JZOSA7Mo9sNGB8+UjSgzdLtokWAky1zbztM3WRLCbZ70/3cTANmQmOdR7y2g+J0e2WXywy1yS468tY+IruqEww==
    54	
    55	bytes@~3.1.2:
    56	  version "3.1.2"
    57	  resolved "https://registry.yarnpkg.com/bytes/-/bytes-3.1.2.tgz#8b0beeb98605adf1b128fa4386403c009e0221a5"
    58	  integrity sha512-/Nf7TyzTx6S3yRJObOAV7956r8cr2+Oj8AC5dt8wSP3BQAoeX58NoHyCU8P8zGkNXStjTSi6fzO6F0pBdcYbEg==
    59	
    60	call-bind-apply-helpers@^1.0.1, call-bind-apply-helpers@^1.0.2:
    61	  version "1.0.2"
    62	  resolved "https://registry.yarnpkg.com/call-bind-apply-helpers/-/call-bind-apply-helpers-1.0.2.tgz#4b5428c222be985d79c3d82657479dbe0b59b2d6"
    63	  integrity sha512-Sp1ablJ0ivDkSzjcaJdxEunN5/XvksFJ2sMBFfq6x0ryhQV/2b/KwFe21cMpmHtPOSij8K99/wSfoEuTObmuMQ==
    64	  dependencies:
    65	    es-errors "^1.3.0"
    66	    function-bind "^1.1.2"
    67	
    68	call-bound@^1.0.2:
    69	  version "1.0.4"
    70	  resolved "https://registry.yarnpkg.com/call-bound/-/call-bound-1.0.4.tgz#238de935d2a2a692928c538c7ccfa91067fd062a"
    71	  integrity sha512-+ys997U96po4Kx/ABpBCqhA9EuxJaQWDQg7295H4hBphv3IZg0boBKuwYpt4YXp6MZ5AmZQnU/tyMTlRpaSejg==
    72	  dependencies:
    73	    call-bind-apply-helpers "^1.0.2"
    74	    get-intrinsic "^1.3.0"
    75	
    76	cheerio-select@^2.1.0:
    77	  version "2.1.0"
    78	  resolved "https://registry.yarnpkg.com/cheerio-select/-/cheerio-select-2.1.0.tgz#4d8673286b8126ca2a8e42740d5e3c4884ae21b4"
    79	  integrity sha512-9v9kG0LvzrlcungtnJtpGNxY+fzECQKhK4EGJX2vByejiMX84MFNQw4UxPJl3bFbTMw+Dfs37XaIkCwTZfLh4g==
    80	  dependencies:
    81	    boolbase "^1.0.0"
    82	    css-select "^5.1.0"
    83	    css-what "^6.1.0"
    84	    domelementtype "^2.3.0"
    85	    domhandler "^5.0.3"
    86	    domutils "^3.0.1"
    87	
    88	cheerio@^1.2.0:
    89	  version "1.2.0"
    90	  resolved "https://registry.yarnpkg.com/cheerio/-/cheerio-1.2.0.tgz#f23b777c49021ead7475dcf3390d3535a7f896d6"
    91	  integrity sha512-WDrybc/gKFpTYQutKIK6UvfcuxijIZfMfXaYm8NMsPQxSYvf+13fXUJ4rztGGbJcBQ/GF55gvrZ0Bc0bj/mqvg==
    92	  dependencies:
    93	    cheerio-select "^2.1.0"
    94	    dom-serializer "^2.0.0"
    95	    domhandler "^5.0.3"
    96	    domutils "^3.2.2"
    97	    encoding-sniffer "^0.2.1"
    98	    htmlparser2 "^10.1.0"
    99	    parse5 "^7.3.0"
   100	    parse5-htmlparser2-tree-adapter "^7.1.0"
   101	    parse5-parser-stream "^7.1.2"
   102	    undici "^7.19.0"
   103	    whatwg-mimetype "^4.0.0"
   104	
   105	combined-stream@^1.0.8:
   106	  version "1.0.8"
   107	  resolved "https://registry.yarnpkg.com/combined-stream/-/combined-stream-1.0.8.tgz#c3d45a8b34fd730631a110a8a2520682b31d5a7f"
   108	  integrity sha512-FQN4MRfuJeHf7cBbBMJFXhKSDq+2kAArBlmRBvcvFE5BB1HZKXtSFASDhdlz9zOYwxh8lDdnvmMOe/+5cdoEdg==
   109	  dependencies:
   110	    delayed-stream "~1.0.0"
   111	
   112	content-disposition@~0.5.4:
   113	  version "0.5.4"
   114	  resolved "https://registry.yarnpkg.com/content-disposition/-/content-disposition-0.5.4.tgz#8b82b4efac82512a02bb0b1dcec9d2c5e8eb5bfe"
   115	  integrity sha512-FveZTNuGw04cxlAiWbzi6zTAL/lhehaWbTtgluJh4/E95DqMwTmha3KZN1aAWA8cFIhHzMZUvLevkw5Rqk+tSQ==
   116	  dependencies:
   117	    safe-buffer "5.2.1"
   118	
   119	content-type@~1.0.4, content-type@~1.0.5:
   120	  version "1.0.5"
   121	  resolved "https://registry.yarnpkg.com/content-type/-/content-type-1.0.5.tgz#8b773162656d1d1086784c8f23a54ce6d73d7918"
   122	  integrity sha512-nTjqfcBFEipKdXCv4YDQWCfmcLZKm81ldF0pAopTvyrFGVbcR6P/VAAd5G7N+0tTr8QqiU0tFadD6FK4NtJwOA==
   123	
   124	cookie-signature@~1.0.6:
   125	  version "1.0.7"
   126	  resolved "https://registry.yarnpkg.com/cookie-signature/-/cookie-signature-1.0.7.tgz#ab5dd7ab757c54e60f37ef6550f481c426d10454"
   127	  integrity sha512-NXdYc3dLr47pBkpUCHtKSwIOQXLVn8dZEuywboCOJY/osA0wFSLlSawr3KN8qXJEyX66FcONTH8EIlVuK0yyFA==
   128	
   129	cookie@~0.7.1:
   130	  version "0.7.2"
   131	  resolved "https://registry.yarnpkg.com/cookie/-/cookie-0.7.2.tgz#556369c472a2ba910f2979891b526b3436237ed7"
   132	  integrity sha512-yki5XnKuf750l50uGTllt6kKILY4nQ1eNIQatoXEByZ5dWgnKqbnqmTrBE5B4N7lrMJKQ2ytWMiTO2o0v6Ew/w==
   133	
   134	css-select@^5.1.0:
   135	  version "5.2.2"
   136	  resolved "https://registry.yarnpkg.com/css-select/-/css-select-5.2.2.tgz#01b6e8d163637bb2dd6c982ca4ed65863682786e"
   137	  integrity sha512-TizTzUddG/xYLA3NXodFM0fSbNizXjOKhqiQQwvhlspadZokn1KDy0NZFS0wuEubIYAV5/c1/lAr0TaaFXEXzw==
   138	  dependencies:
   139	    boolbase "^1.0.0"
   140	    css-what "^6.1.0"
   141	    domhandler "^5.0.2"
   142	    domutils "^3.0.1"
   143	    nth-check "^2.0.1"
   144	
   145	css-what@^6.1.0:
   146	  version "6.2.2"
   147	  resolved "https://registry.yarnpkg.com/css-what/-/css-what-6.2.2.tgz#cdcc8f9b6977719fdfbd1de7aec24abf756b9dea"
   148	  integrity sha512-u/O3vwbptzhMs3L1fQE82ZSLHQQfto5gyZzwteVIEyeaY5Fc7R4dapF/BvRoSYFeqfBk4m0V1Vafq5Pjv25wvA==
   149	
   150	debug@2.6.9:
   151	  version "2.6.9"
   152	  resolved "https://registry.yarnpkg.com/debug/-/debug-2.6.9.tgz#5d128515df134ff327e90a4c93f4e077a536341f"
   153	  integrity sha512-bC7ElrdJaJnPbAP+1EotYvqZsb3ecl5wi6Bfi6BJTUcNowp6cvspg0jXznRTKDjm/E7AdgFBVeAPVMNcKGsHMA==
   154	  dependencies:
   155	    ms "2.0.0"
   156	
   157	delayed-stream@~1.0.0:
   158	  version "1.0.0"
   159	  resolved "https://registry.yarnpkg.com/delayed-stream/-/delayed-stream-1.0.0.tgz#df3ae199acadfb7d440aaae0b29e2272b24ec619"
   160	  integrity sha512-ZySD7Nf91aLB0RxL4KGrKHBXl7Eds1DAmEdcoVawXnLD7SDhpNgtuII2aAkg7a7QS41jxPSZ17p4VdGnMHk3MQ==
   161	
   162	depd@2.0.0, depd@~2.0.0:
   163	  version "2.0.0"
   164	  resolved "https://registry.yarnpkg.com/depd/-/depd-2.0.0.tgz#b696163cc757560d09cf22cc8fad1571b79e76df"
   165	  integrity sha512-g7nH6P6dyDioJogAAGprGpCtVImJhpPk/roCzdb3fIh61/s/nPsfR6onyMwkCAR/OlC3yBC0lESvUoQEAssIrw==
   166	
   167	destroy@1.2.0, destroy@~1.2.0:
   168	  version "1.2.0"
   169	  resolved "https://registry.yarnpkg.com/destroy/-/destroy-1.2.0.tgz#4803735509ad8be552934c67df614f94e66fa015"
   170	  integrity sha512-2sJGJTaXIIaR1w4iJSNoN0hnMY7Gpc/n8D4qSCJw8QqFWXf7cuAgnEHxBpweaVcPevC2l3KpjYCx3NypQQgaJg==
   171	
   172	dom-serializer@^2.0.0:
   173	  version "2.0.0"
   174	  resolved "https://registry.yarnpkg.com/dom-serializer/-/dom-serializer-2.0.0.tgz#e41b802e1eedf9f6cae183ce5e622d789d7d8e53"
   175	  integrity sha512-wIkAryiqt/nV5EQKqQpo3SToSOV9J0DnbJqwK7Wv/Trc92zIAYZ4FlMu+JPFW1DfGFt81ZTCGgDEabffXeLyJg==
   176	  dependencies:
   177	    domelementtype "^2.3.0"
   178	    domhandler "^5.0.2"
   179	    entities "^4.2.0"
   180	
   181	domelementtype@^2.3.0:
   182	  version "2.3.0"
   183	  resolved "https://registry.yarnpkg.com/domelementtype/-/domelementtype-2.3.0.tgz#5c45e8e869952626331d7aab326d01daf65d589d"
   184	  integrity sha512-OLETBj6w0OsagBwdXnPdN0cnMfF9opN69co+7ZrbfPGrdpPVNBUj02spi6B1N7wChLQiPn4CSH/zJvXw56gmHw==
   185	
   186	domhandler@^5.0.2, domhandler@^5.0.3:
   187	  version "5.0.3"
   188	  resolved "https://registry.yarnpkg.com/domhandler/-/domhandler-5.0.3.tgz#cc385f7f751f1d1fc650c21374804254538c7d31"
   189	  integrity sha512-cgwlv/1iFQiFnU96XXgROh8xTeetsnJiDsTc7TYCLFd9+/WNkIqPTxiM/8pSd8VIrhXGTf1Ny1q1hquVqDJB5w==
   190	  dependencies:
   191	    domelementtype "^2.3.0"
   192	
   193	domutils@^3.0.1, domutils@^3.2.2:
   194	  version "3.2.2"
   195	  resolved "https://registry.yarnpkg.com/domutils/-/domutils-3.2.2.tgz#edbfe2b668b0c1d97c24baf0f1062b132221bc78"
   196	  integrity sha512-6kZKyUajlDuqlHKVX1w7gyslj9MPIXzIFiz/rGu35uC1wMi+kMhQwGhl4lt9unC9Vb9INnY9Z3/ZA3+FhASLaw==
   197	  dependencies:
   198	    dom-serializer "^2.0.0"
   199	    domelementtype "^2.3.0"
   200	    domhandler "^5.0.3"
   201	
   202	dunder-proto@^1.0.1:
   203	  version "1.0.1"
   204	  resolved "https://registry.yarnpkg.com/dunder-proto/-/dunder-proto-1.0.1.tgz#d7ae667e1dc83482f8b70fd0f6eefc50da30f58a"
   205	  integrity sha512-KIN/nDJBQRcXw0MLVhZE9iQHmG68qAVIBg9CqmUYjmQIhgij9U5MFvrqkUL5FbtyyzZuOeOt0zdeRe4UY7ct+A==
   206	  dependencies:
   207	    call-bind-apply-helpers "^1.0.1"
   208	    es-errors "^1.3.0"
   209	    gopd "^1.2.0"
   210	
   211	ee-first@1.1.1:
   212	  version "1.1.1"
   213	  resolved "https://registry.yarnpkg.com/ee-first/-/ee-first-1.1.1.tgz#590c61156b0ae2f4f0255732a158b266bc56b21d"
   214	  integrity sha512-WMwm9LhRUo+WUaRN+vRuETqG89IgZphVSNkdFgeb6sS/E4OrDIN7t48CAewSHXc6C8lefD8KKfr5vY61brQlow==
   215	
   216	ejs@^5.0.2:
   217	  version "5.0.2"
   218	  resolved "https://registry.yarnpkg.com/ejs/-/ejs-5.0.2.tgz#cb8a7922ec1e71193b2507942250e230e200de79"
   219	  integrity sha512-IpbUaI/CAW86l3f+T8zN0iggSc0LmMZLcIW5eRVStLVNCoTXkE0YlncbbH50fp8Cl6zHIky0sW2uUbhBqGw0Jw==
   220	
   221	encodeurl@~2.0.0:
   222	  version "2.0.0"
   223	  resolved "https://registry.yarnpkg.com/encodeurl/-/encodeurl-2.0.0.tgz#7b8ea898077d7e409d3ac45474ea38eaf0857a58"
   224	  integrity sha512-Q0n9HRi4m6JuGIV1eFlmvJB7ZEVxu93IrMyiMsGC0lrMJMWzRgx6WGquyfQgZVb31vhGgXnfmPNNXmxnOkRBrg==
   225	
   226	encoding-sniffer@^0.2.1:
   227	  version "0.2.1"
   228	  resolved "https://registry.yarnpkg.com/encoding-sniffer/-/encoding-sniffer-0.2.1.tgz#396ec97ac22ce5a037ba44af1992ac9d46a7b819"
   229	  integrity sha512-5gvq20T6vfpekVtqrYQsSCFZ1wEg5+wW0/QaZMWkFr6BqD3NfKs0rLCx4rrVlSWJeZb5NBJgVLswK/w2MWU+Gw==
   230	  dependencies:
   231	    iconv-lite "^0.6.3"
   232	    whatwg-encoding "^3.1.1"
   233	
   234	entities@^4.2.0:
   235	  version "4.5.0"
   236	  resolved "https://registry.yarnpkg.com/entities/-/entities-4.5.0.tgz#5d268ea5e7113ec74c4d033b79ea5a35a488fb48"
   237	  integrity sha512-V0hjH4dGPh9Ao5p0MoRY6BVqtwCjhz6vI5LT8AJ55H+4g9/4vbHx1I54fS0XuclLhDHArPQCiMjDxjaL8fPxhw==
   238	
   239	entities@^6.0.0:
   240	  version "6.0.1"
   241	  resolved "https://registry.yarnpkg.com/entities/-/entities-6.0.1.tgz#c28c34a43379ca7f61d074130b2f5f7020a30694"
   242	  integrity sha512-aN97NXWF6AWBTahfVOIrB/NShkzi5H7F9r1s9mD3cDj4Ko5f2qhhVoYMibXF7GlLveb/D2ioWay8lxI97Ven3g==
   243	
   244	entities@^7.0.1:
   245	  version "7.0.1"
   246	  resolved "https://registry.yarnpkg.com/entities/-/entities-7.0.1.tgz#26e8a88889db63417dcb9a1e79a3f1bc92b5976b"
   247	  integrity sha512-TWrgLOFUQTH994YUyl1yT4uyavY5nNB5muff+RtWaqNVCAK408b5ZnnbNAUEWLTCpum9w6arT70i1XdQ4UeOPA==
   248	
   249	es-define-property@^1.0.1:
   250	  version "1.0.1"
   251	  resolved "https://registry.yarnpkg.com/es-define-property/-/es-define-property-1.0.1.tgz#983eb2f9a6724e9303f61addf011c72e09e0b0fa"
   252	  integrity sha512-e3nRfgfUZ4rNGL232gUgX06QNyyez04KdjFrF+LTRoOXmrOgFKDg4BCdsjW8EnT69eqdYGmRpJwiPVYNrCaW3g==
   253	
   254	es-errors@^1.3.0:
   255	  version "1.3.0"
   256	  resolved "https://registry.yarnpkg.com/es-errors/-/es-errors-1.3.0.tgz#05f75a25dab98e4fb1dcd5e1472c0546d5057c8f"
   257	  integrity sha512-Zf5H2Kxt2xjTvbJvP2ZWLEICxA6j+hAmMzIlypy4xcBg1vKVnx89Wy0GbS+kf5cwCVFFzdCFh2XSCFNULS6csw==
   258	
   259	es-object-atoms@^1.0.0, es-object-atoms@^1.1.1:
   260	  version "1.1.1"
   261	  resolved "https://registry.yarnpkg.com/es-object-atoms/-/es-object-atoms-1.1.1.tgz#1c4f2c4837327597ce69d2ca190a7fdd172338c1"
   262	  integrity sha512-FGgH2h8zKNim9ljj7dankFPcICIK9Cp5bm+c2gQSYePhpaG5+esrLODihIorn+Pe6FGJzWhXQotPv73jTaldXA==
   263	  dependencies:
   264	    es-errors "^1.3.0"
   265	
   266	es-set-tostringtag@^2.1.0:
   267	  version "2.1.0"
   268	  resolved "https://registry.yarnpkg.com/es-set-tostringtag/-/es-set-tostringtag-2.1.0.tgz#f31dbbe0c183b00a6d26eb6325c810c0fd18bd4d"
   269	  integrity sha512-j6vWzfrGVfyXxge+O0x5sh6cvxAog0a/4Rdd2K36zCMV5eJ+/+tOAngRO8cODMNWbVRdVlmGZQL2YS3yR8bIUA==
   270	  dependencies:
   271	    es-errors "^1.3.0"
   272	    get-intrinsic "^1.2.6"
   273	    has-tostringtag "^1.0.2"
   274	    hasown "^2.0.2"
   275	
   276	escape-html@~1.0.3:
   277	  version "1.0.3"
   278	  resolved "https://registry.yarnpkg.com/escape-html/-/escape-html-1.0.3.tgz#0258eae4d3d0c0974de1c169188ef0051d1d1988"
   279	  integrity sha512-NiSupZ4OeuGwr68lGIeym/ksIZMJodUGOSCZ/FSnTxcrekbvqrgdUxlJOMpijaKZVjAJrWrGs/6Jy8OMuyj9ow==
   280	
   281	etag@~1.8.1:
   282	  version "1.8.1"
   283	  resolved "https://registry.yarnpkg.com/etag/-/etag-1.8.1.tgz#41ae2eeb65efa62268aebfea83ac7d79299b0887"
   284	  integrity sha512-aIL5Fx7mawVa300al2BnEE4iNvo1qETxLrPI/o05L7z6go7fCw1J6EQmbK4FmJ2AS7kgVF/KEZWufBfdClMcPg==
   285	
   286	express@^4.18.2:
   287	  version "4.22.1"
   288	  resolved "https://registry.yarnpkg.com/express/-/express-4.22.1.tgz#1de23a09745a4fffdb39247b344bb5eaff382069"
   289	  integrity sha512-F2X8g9P1X7uCPZMA3MVf9wcTqlyNp7IhH5qPCI0izhaOIYXaW9L535tGA3qmjRzpH+bZczqq7hVKxTR4NWnu+g==
   290	  dependencies:
   291	    accepts "~1.3.8"
   292	    array-flatten "1.1.1"
   293	    body-parser "~1.20.3"
   294	    content-disposition "~0.5.4"
   295	    content-type "~1.0.4"
   296	    cookie "~0.7.1"
   297	    cookie-signature "~1.0.6"
   298	    debug "2.6.9"
   299	    depd "2.0.0"
   300	    encodeurl "~2.0.0"
   301	    escape-html "~1.0.3"
   302	    etag "~1.8.1"
   303	    finalhandler "~1.3.1"
   304	    fresh "~0.5.2"
   305	    http-errors "~2.0.0"
   306	    merge-descriptors "1.0.3"
   307	    methods "~1.1.2"
   308	    on-finished "~2.4.1"
   309	    parseurl "~1.3.3"
   310	    path-to-regexp "~0.1.12"
   311	    proxy-addr "~2.0.7"
   312	    qs "~6.14.0"
   313	    range-parser "~1.2.1"
   314	    safe-buffer "5.2.1"
   315	    send "~0.19.0"
   316	    serve-static "~1.16.2"
   317	    setprototypeof "1.2.0"
   318	    statuses "~2.0.1"
   319	    type-is "~1.6.18"
   320	    utils-merge "1.0.1"
   321	    vary "~1.1.2"
   322	
   323	finalhandler@~1.3.1:
   324	  version "1.3.2"
   325	  resolved "https://registry.yarnpkg.com/finalhandler/-/finalhandler-1.3.2.tgz#1ebc2228fc7673aac4a472c310cc05b77d852b88"
   326	  integrity sha512-aA4RyPcd3badbdABGDuTXCMTtOneUCAYH/gxoYRTZlIJdF0YPWuGqiAsIrhNnnqdXGswYk6dGujem4w80UJFhg==
   327	  dependencies:
   328	    debug "2.6.9"
   329	    encodeurl "~2.0.0"
   330	    escape-html "~1.0.3"
   331	    on-finished "~2.4.1"
   332	    parseurl "~1.3.3"
   333	    statuses "~2.0.2"
   334	    unpipe "~1.0.0"
   335	
   336	follow-redirects@^1.15.11:
   337	  version "1.16.0"
   338	  resolved "https://registry.yarnpkg.com/follow-redirects/-/follow-redirects-1.16.0.tgz#28474a159d3b9d11ef62050a14ed60e4df6d61bc"
   339	  integrity sha512-y5rN/uOsadFT/JfYwhxRS5R7Qce+g3zG97+JrtFZlC9klX/W5hD7iiLzScI4nZqUS7DNUdhPgw4xI8W2LuXlUw==
   340	
   341	form-data@^4.0.5:
   342	  version "4.0.5"
   343	  resolved "https://registry.yarnpkg.com/form-data/-/form-data-4.0.5.tgz#b49e48858045ff4cbf6b03e1805cebcad3679053"
   344	  integrity sha512-8RipRLol37bNs2bhoV67fiTEvdTrbMUYcFTiy3+wuuOnUog2QBHCZWXDRijWQfAkhBj2Uf5UnVaiWwA5vdd82w==
   345	  dependencies:
   346	    asynckit "^0.4.0"
   347	    combined-stream "^1.0.8"
   348	    es-set-tostringtag "^2.1.0"
   349	    hasown "^2.0.2"
   350	    mime-types "^2.1.12"
   351	
   352	forwarded@0.2.0:
   353	  version "0.2.0"
   354	  resolved "https://registry.yarnpkg.com/forwarded/-/forwarded-0.2.0.tgz#2269936428aad4c15c7ebe9779a84bf0b2a81811"
   355	  integrity sha512-buRG0fpBtRHSTCOASe6hD258tEubFoRLb4ZNA6NxMVHNw2gOcwHo9wyablzMzOA5z9xA9L1KNjk/Nt6MT9aYow==
   356	
   357	fresh@~0.5.2:
   358	  version "0.5.2"
   359	  resolved "https://registry.yarnpkg.com/fresh/-/fresh-0.5.2.tgz#3d8cadd90d976569fa835ab1f8e4b23a105605a7"
   360	  integrity sha512-zJ2mQYM18rEFOudeV4GShTGIQ7RbzA7ozbU9I/XBpm7kqgMywgmylMwXHxZJmkVoYkna9d2pVXVXPdYTP9ej8Q==
   361	
   362	function-bind@^1.1.2:
   363	  version "1.1.2"
   364	  resolved "https://registry.yarnpkg.com/function-bind/-/function-bind-1.1.2.tgz#2c02d864d97f3ea6c8830c464cbd11ab6eab7a1c"
   365	  integrity sha512-7XHNxH7qX9xG5mIwxkhumTox/MIRNcOgDrxWsMt2pAr23WHp6MrRlN7FBSFpCpr+oVO0F744iUgR82nJMfG2SA==
   366	
   367	get-intrinsic@^1.2.5, get-intrinsic@^1.2.6, get-intrinsic@^1.3.0:
   368	  version "1.3.0"
   369	  resolved "https://registry.yarnpkg.com/get-intrinsic/-/get-intrinsic-1.3.0.tgz#743f0e3b6964a93a5491ed1bffaae054d7f98d01"
   370	  integrity sha512-9fSjSaos/fRIVIp+xSJlE6lfwhES7LNtKaCBIamHsjr2na1BiABJPo0mOjjz8GJDURarmCPGqaiVg5mfjb98CQ==
   371	  dependencies:
   372	    call-bind-apply-helpers "^1.0.2"
   373	    es-define-property "^1.0.1"
   374	    es-errors "^1.3.0"
   375	    es-object-atoms "^1.1.1"
   376	    function-bind "^1.1.2"
   377	    get-proto "^1.0.1"
   378	    gopd "^1.2.0"
   379	    has-symbols "^1.1.0"
   380	    hasown "^2.0.2"
   381	    math-intrinsics "^1.1.0"
   382	
   383	get-proto@^1.0.1:
   384	  version "1.0.1"
   385	  resolved "https://registry.yarnpkg.com/get-proto/-/get-proto-1.0.1.tgz#150b3f2743869ef3e851ec0c49d15b1d14d00ee1"
   386	  integrity sha512-sTSfBjoXBp89JvIKIefqw7U2CCebsc74kiY6awiGogKtoSGbgjYE/G/+l9sF3MWFPNc9IcoOC4ODfKHfxFmp0g==
   387	  dependencies:
   388	    dunder-proto "^1.0.1"
   389	    es-object-atoms "^1.0.0"
   390	
   391	gopd@^1.2.0:
   392	  version "1.2.0"
   393	  resolved "https://registry.yarnpkg.com/gopd/-/gopd-1.2.0.tgz#89f56b8217bdbc8802bd299df6d7f1081d7e51a1"
   394	  integrity sha512-ZUKRh6/kUFoAiTAtTYPZJ3hw9wNxx+BIBOijnlG9PnrJsCcSjs1wyyD6vJpaYtgnzDrKYRSqf3OO6Rfa93xsRg==
   395	
   396	has-symbols@^1.0.3, has-symbols@^1.1.0:
   397	  version "1.1.0"
   398	  resolved "https://registry.yarnpkg.com/has-symbols/-/has-symbols-1.1.0.tgz#fc9c6a783a084951d0b971fe1018de813707a338"
   399	  integrity sha512-1cDNdwJ2Jaohmb3sg4OmKaMBwuC48sYni5HUw2DvsC8LjGTLK9h+eb1X6RyuOHe4hT0ULCW68iomhjUoKUqlPQ==
   400	
   401	has-tostringtag@^1.0.2:
   402	  version "1.0.2"
   403	  resolved "https://registry.yarnpkg.com/has-tostringtag/-/has-tostringtag-1.0.2.tgz#2cdc42d40bef2e5b4eeab7c01a73c54ce7ab5abc"
   404	  integrity sha512-NqADB8VjPFLM2V0VvHUewwwsw0ZWBaIdgo+ieHtK3hasLz4qeCRjYcqfB6AQrBggRKppKF8L52/VqdVsO47Dlw==
   405	  dependencies:
   406	    has-symbols "^1.0.3"
   407	
   408	hasown@^2.0.2:
   409	  version "2.0.3"
   410	  resolved "https://registry.yarnpkg.com/hasown/-/hasown-2.0.3.tgz#5e5c2b15b60370a4c7930c383dfb76bf17bc403c"
   411	  integrity sha512-ej4AhfhfL2Q2zpMmLo7U1Uv9+PyhIZpgQLGT1F9miIGmiCJIoCgSmczFdrc97mWT4kVY72KA+WnnhJ5pghSvSg==
   412	  dependencies:
   413	    function-bind "^1.1.2"
   414	
   415	htmlparser2@^10.1.0:
   416	  version "10.1.0"
   417	  resolved "https://registry.yarnpkg.com/htmlparser2/-/htmlparser2-10.1.0.tgz#fe3f2e12c73b6e462d4e10395db9c1119e4d6ae4"
   418	  integrity sha512-VTZkM9GWRAtEpveh7MSF6SjjrpNVNNVJfFup7xTY3UpFtm67foy9HDVXneLtFVt4pMz5kZtgNcvCniNFb1hlEQ==
   419	  dependencies:
   420	    domelementtype "^2.3.0"
   421	    domhandler "^5.0.3"
   422	    domutils "^3.2.2"
   423	    entities "^7.0.1"
   424	
   425	http-errors@~2.0.0, http-errors@~2.0.1:
   426	  version "2.0.1"
   427	  resolved "https://registry.yarnpkg.com/http-errors/-/http-errors-2.0.1.tgz#36d2f65bc909c8790018dd36fb4d93da6caae06b"
   428	  integrity sha512-4FbRdAX+bSdmo4AUFuS0WNiPz8NgFt+r8ThgNWmlrjQjt1Q7ZR9+zTlce2859x4KSXrwIsaeTqDoKQmtP8pLmQ==
   429	  dependencies:
   430	    depd "~2.0.0"
   431	    inherits "~2.0.4"
   432	    setprototypeof "~1.2.0"
   433	    statuses "~2.0.2"
   434	    toidentifier "~1.0.1"
   435	
   436	iconv-lite@0.6.3, iconv-lite@^0.6.3:
   437	  version "0.6.3"
   438	  resolved "https://registry.yarnpkg.com/iconv-lite/-/iconv-lite-0.6.3.tgz#a52f80bf38da1952eb5c681790719871a1a72501"
   439	  integrity sha512-4fCk79wshMdzMp2rH06qWrJE4iolqLhCUH+OiuIgU++RB0+94NlDL81atO7GX55uUKueo0txHNtvEyI6D7WdMw==
   440	  dependencies:
   441	    safer-buffer ">= 2.1.2 < 3.0.0"
   442	
   443	iconv-lite@~0.4.24:
   444	  version "0.4.24"
   445	  resolved "https://registry.yarnpkg.com/iconv-lite/-/iconv-lite-0.4.24.tgz#2022b4b25fbddc21d2f524974a474aafe733908b"
   446	  integrity sha512-v3MXnZAcvnywkTUEZomIActle7RXXeedOR31wwl7VlyoXO4Qi9arvSenNQWne1TcRwhCL1HwLI21bEqdpj8/rA==
   447	  dependencies:
   448	    safer-buffer ">= 2.1.2 < 3"
   449	
   450	inherits@2.0.3:
   451	  version "2.0.3"
   452	  resolved "https://registry.yarnpkg.com/inherits/-/inherits-2.0.3.tgz#633c2c83e3da42a502f52466022480f4208261de"
   453	  integrity sha512-x00IRNXNy63jwGkJmzPigoySHbaqpNuzKbBOmzK+g2OdZpQ9w+sxCN+VSB3ja7IAge2OP2qpfxTjeNcyjmW1uw==
   454	
   455	inherits@~2.0.4:
   456	  version "2.0.4"
   457	  resolved "https://registry.yarnpkg.com/inherits/-/inherits-2.0.4.tgz#0fa2c64f932917c3433a0ded55363aae37416b7c"
   458	  integrity sha512-k/vGaX4/Yla3WzyMCvTQOXYeIHvqOKtnqBduzTHpzpQZzAskKMhZ2K+EnBiSM9zGSoIFeMpXKxa4dYeZIQqewQ==
   459	
   460	ipaddr.js@1.9.1:
   461	  version "1.9.1"
   462	  resolved "https://registry.yarnpkg.com/ipaddr.js/-/ipaddr.js-1.9.1.tgz#bff38543eeb8984825079ff3a2a8e6cbd46781b3"
   463	  integrity sha512-0KI/607xoxSToH7GjN1FfSbLoU0+btTicjsQSWQlh/hZykN8KpmMf7uYwPW3R+akZ6R/w18ZlXSHBYXiYUPO3g==
   464	
   465	math-intrinsics@^1.1.0:
   466	  version "1.1.0"
   467	  resolved "https://registry.yarnpkg.com/math-intrinsics/-/math-intrinsics-1.1.0.tgz#a0dd74be81e2aa5c2f27e65ce283605ee4e2b7f9"
   468	  integrity sha512-/IXtbwEk5HTPyEwyKX6hGkYXxM9nbj64B+ilVJnC/R6B0pH5G4V3b0pVbL7DBj4tkhBAppbQUlf6F6Xl9LHu1g==
   469	
   470	media-typer@0.3.0:
   471	  version "0.3.0"
   472	  resolved "https://registry.yarnpkg.com/media-typer/-/media-typer-0.3.0.tgz#8710d7af0aa626f8fffa1ce00168545263255748"
   473	  integrity sha512-dq+qelQ9akHpcOl/gUVRTxVIOkAJ1wR3QAvb4RsVjS8oVoFjDGTc679wJYmUmknUF5HwMLOgb5O+a3KxfWapPQ==
   474	
   475	merge-descriptors@1.0.3:
   476	  version "1.0.3"
   477	  resolved "https://registry.yarnpkg.com/merge-descriptors/-/merge-descriptors-1.0.3.tgz#d80319a65f3c7935351e5cfdac8f9318504dbed5"
   478	  integrity sha512-gaNvAS7TZ897/rVaZ0nMtAyxNyi/pdbjbAwUpFQpN70GqnVfOiXpeUUMKRBmzXaSQ8DdTX4/0ms62r2K+hE6mQ==
   479	
   480	methods@~1.1.2:
   481	  version "1.1.2"
   482	  resolved "https://registry.yarnpkg.com/methods/-/methods-1.1.2.tgz#5529a4d67654134edcc5266656835b0f851afcee"
   483	  integrity sha512-iclAHeNqNm68zFtnZ0e+1L2yUIdvzNoauKU4WBA3VvH/vPFieF7qfRlwUZU+DA9P9bPXIS90ulxoUoCH23sV2w==
   484	
   485	mime-db@1.52.0:
   486	  version "1.52.0"
   487	  resolved "https://registry.yarnpkg.com/mime-db/-/mime-db-1.52.0.tgz#bbabcdc02859f4987301c856e3387ce5ec43bf70"
   488	  integrity sha512-sPU4uV7dYlvtWJxwwxHD0PuihVNiE7TyAbQ5SWxDCB9mUYvOgroQOwYQQOKPJ8CIbE+1ETVlOoK1UC2nU3gYvg==
   489	
   490	mime-types@^2.1.12, mime-types@~2.1.24, mime-types@~2.1.34:
   491	  version "2.1.35"
   492	  resolved "https://registry.yarnpkg.com/mime-types/-/mime-types-2.1.35.tgz#381a871b62a734450660ae3deee44813f70d959a"
   493	  integrity sha512-ZDY+bPm5zTTF+YpCrAU9nK0UgICYPT0QtT1NZWFv4s++TNkcgVaT0g6+4R2uI4MjQjzysHB1zxuWL50hzaeXiw==
   494	  dependencies:
   495	    mime-db "1.52.0"
   496	
   497	mime@1.6.0:
   498	  version "1.6.0"
   499	  resolved "https://registry.yarnpkg.com/mime/-/mime-1.6.0.tgz#32cd9e5c64553bd58d19a568af452acff04981b1"
   500	  integrity sha512-x0Vn8spI+wuJ1O6S7gnbaQg8Pxh4NNHb7KSINmEWKiPE4RKOplvijn+NkmYmmRgP68mc70j2EbeTFRsrswaQeg==
   501	
   502	ms@2.0.0:
   503	  version "2.0.0"
   504	  resolved "https://registry.yarnpkg.com/ms/-/ms-2.0.0.tgz#5608aeadfc00be6c2901df5f9861788de0d597c8"
   505	  integrity sha512-Tpp60P6IUJDTuOq/5Z8cdskzJujfwqfOTkrwIwj7IRISpnkJnT6SyJ4PCPnGMoFjC9ddhal5KVIYtAt97ix05A==
   506	
   507	ms@2.1.3:
   508	  version "2.1.3"
   509	  resolved "https://registry.yarnpkg.com/ms/-/ms-2.1.3.tgz#574c8138ce1d2b5861f0b44579dbadd60c6615b2"
   510	  integrity sha512-6FlzubTLZG3J2a/NVCAleEhjzq5oxgHyaCU9yYXvcLsvoVaHJq/s5xXI6/XXP6tz7R9xAOtHnSO/tXtF3WRTlA==
   511	
   512	negotiator@0.6.3:
   513	  version "0.6.3"
   514	  resolved "https://registry.yarnpkg.com/negotiator/-/negotiator-0.6.3.tgz#58e323a72fedc0d6f9cd4d31fe49f51479590ccd"
   515	  integrity sha512-+EUsqGPLsM+j/zdChZjsnX51g4XrHFOIXwfnCVPGlQk/k5giakcKsuxCObBRu6DSm9opw/O6slWbJdghQM4bBg==
   516	
   517	nth-check@^2.0.1:
   518	  version "2.1.1"
   519	  resolved "https://registry.yarnpkg.com/nth-check/-/nth-check-2.1.1.tgz#c9eab428effce36cd6b92c924bdb000ef1f1ed1d"
   520	  integrity sha512-lqjrjmaOoAnWfMmBPL+XNnynZh2+swxiX3WUE0s4yEHI6m+AwrK2UZOimIRl3X/4QctVqS8AiZjFqyOGrMXb/w==
   521	  dependencies:
   522	    boolbase "^1.0.0"
   523	
   524	object-inspect@^1.13.3, object-inspect@^1.13.4:
   525	  version "1.13.4"
   526	  resolved "https://registry.yarnpkg.com/object-inspect/-/object-inspect-1.13.4.tgz#8375265e21bc20d0fa582c22e1b13485d6e00213"
   527	  integrity sha512-W67iLl4J2EXEGTbfeHCffrjDfitvLANg0UlX3wFUUSTx92KXRFegMHUVgSqE+wvhAbi4WqjGg9czysTV2Epbew==
   528	
   529	on-finished@~2.4.1:
   530	  version "2.4.1"
   531	  resolved "https://registry.yarnpkg.com/on-finished/-/on-finished-2.4.1.tgz#58c8c44116e54845ad57f14ab10b03533184ac3f"
   532	  integrity sha512-oVlzkg3ENAhCk2zdv7IJwd/QUD4z2RxRwpkcGY8psCVcCYZNq4wYnVWALHM+brtuJjePWiYF/ClmuDr8Ch5+kg==
   533	  dependencies:
   534	    ee-first "1.1.1"
   535	
   536	parse5-htmlparser2-tree-adapter@^7.1.0:
   537	  version "7.1.0"
   538	  resolved "https://registry.yarnpkg.com/parse5-htmlparser2-tree-adapter/-/parse5-htmlparser2-tree-adapter-7.1.0.tgz#b5a806548ed893a43e24ccb42fbb78069311e81b"
   539	  integrity sha512-ruw5xyKs6lrpo9x9rCZqZZnIUntICjQAd0Wsmp396Ul9lN/h+ifgVV1x1gZHi8euej6wTfpqX8j+BFQxF0NS/g==
   540	  dependencies:
   541	    domhandler "^5.0.3"
   542	    parse5 "^7.0.0"
   543	
   544	parse5-parser-stream@^7.1.2:
   545	  version "7.1.2"
   546	  resolved "https://registry.yarnpkg.com/parse5-parser-stream/-/parse5-parser-stream-7.1.2.tgz#d7c20eadc37968d272e2c02660fff92dd27e60e1"
   547	  integrity sha512-JyeQc9iwFLn5TbvvqACIF/VXG6abODeB3Fwmv/TGdLk2LfbWkaySGY72at4+Ty7EkPZj854u4CrICqNk2qIbow==
   548	  dependencies:
   549	    parse5 "^7.0.0"
   550	
   551	parse5@^7.0.0, parse5@^7.3.0:
   552	  version "7.3.0"
   553	  resolved "https://registry.yarnpkg.com/parse5/-/parse5-7.3.0.tgz#d7e224fa72399c7a175099f45fc2ad024b05ec05"
   554	  integrity sha512-IInvU7fabl34qmi9gY8XOVxhYyMyuH2xUNpb2q8/Y+7552KlejkRvqvD19nMoUW/uQGGbqNpA6Tufu5FL5BZgw==
   555	  dependencies:
   556	    entities "^6.0.0"
   557	
   558	parseurl@~1.3.3:
   559	  version "1.3.3"
   560	  resolved "https://registry.yarnpkg.com/parseurl/-/parseurl-1.3.3.tgz#9da19e7bee8d12dff0513ed5b76957793bc2e8d4"
   561	  integrity sha512-CiyeOxFT/JZyN5m0z9PfXw4SCBJ6Sygz1Dpl0wqjlhDEGGBP1GnsUVEL0p63hoG1fcj3fHynXi9NYO4nWOL+qQ==
   562	
   563	path-to-regexp@~0.1.12:
   564	  version "0.1.13"
   565	  resolved "https://registry.yarnpkg.com/path-to-regexp/-/path-to-regexp-0.1.13.tgz#9b22ec16bc3ab88d05a0c7e369869421401ab17d"
   566	  integrity sha512-A/AGNMFN3c8bOlvV9RreMdrv7jsmF9XIfDeCd87+I8RNg6s78BhJxMu69NEMHBSJFxKidViTEdruRwEk/WIKqA==
   567	
   568	path@^0.12.7:
   569	  version "0.12.7"
   570	  resolved "https://registry.yarnpkg.com/path/-/path-0.12.7.tgz#d4dc2a506c4ce2197eb481ebfcd5b36c0140b10f"
   571	  integrity sha512-aXXC6s+1w7otVF9UletFkFcDsJeO7lSZBPUQhtb5O0xJe8LtYhj/GxldoL09bBj9+ZmE2hNoHqQSFMN5fikh4Q==
   572	  dependencies:
   573	    process "^0.11.1"
   574	    util "^0.10.3"
   575	
   576	process@^0.11.1:
   577	  version "0.11.10"
   578	  resolved "https://registry.yarnpkg.com/process/-/process-0.11.10.tgz#7332300e840161bda3e69a1d1d91a7d4bc16f182"
   579	  integrity sha512-cdGef/drWFoydD1JsMzuFf8100nZl+GT+yacc2bEced5f9Rjk4z+WtFUTBu9PhOi9j/jfmBPu0mMEY4wIdAF8A==
   580	
   581	proxy-addr@~2.0.7:
   582	  version "2.0.7"
   583	  resolved "https://registry.yarnpkg.com/proxy-addr/-/proxy-addr-2.0.7.tgz#f19fe69ceab311eeb94b42e70e8c2070f9ba1025"
   584	  integrity sha512-llQsMLSUDUPT44jdrU/O37qlnifitDP+ZwrmmZcoSKyLKvtZxpyV0n2/bD/N4tBAAZ/gJEdZU7KMraoK1+XYAg==
   585	  dependencies:
   586	    forwarded "0.2.0"
   587	    ipaddr.js "1.9.1"
   588	
   589	proxy-from-env@^2.1.0:
   590	  version "2.1.0"
   591	  resolved "https://registry.yarnpkg.com/proxy-from-env/-/proxy-from-env-2.1.0.tgz#a7487568adad577cfaaa7e88c49cab3ab3081aba"
   592	  integrity sha512-cJ+oHTW1VAEa8cJslgmUZrc+sjRKgAKl3Zyse6+PV38hZe/V6Z14TbCuXcan9F9ghlz4QrFr2c92TNF82UkYHA==
   593	
   594	qs@~6.14.0:
   595	  version "6.14.2"
   596	  resolved "https://registry.yarnpkg.com/qs/-/qs-6.14.2.tgz#b5634cf9d9ad9898e31fba3504e866e8efb6798c"
   597	  integrity sha512-V/yCWTTF7VJ9hIh18Ugr2zhJMP01MY7c5kh4J870L7imm6/DIzBsNLTXzMwUA3yZ5b/KBqLx8Kp3uRvd7xSe3Q==
   598	  dependencies:
   599	    side-channel "^1.1.0"
   600	
   601	qs@~6.15.1:
   602	  version "6.15.1"
   603	  resolved "https://registry.yarnpkg.com/qs/-/qs-6.15.1.tgz#bdb55aed06bfac257a90c44a446a73fba5575c8f"
   604	  integrity sha512-6YHEFRL9mfgcAvql/XhwTvf5jKcOiiupt2FiJxHkiX1z4j7WL8J/jRHYLluORvc1XxB5rV20KoeK00gVJamspg==
   605	  dependencies:
   606	    side-channel "^1.1.0"
   607	
   608	range-parser@~1.2.1:
   609	  version "1.2.1"
   610	  resolved "https://registry.yarnpkg.com/range-parser/-/range-parser-1.2.1.tgz#3cf37023d199e1c24d1a55b84800c2f3e6468031"
   611	  integrity sha512-Hrgsx+orqoygnmhFbKaHE6c296J+HTAQXoxEF6gNupROmmGJRoyzfG3ccAveqCBrwr/2yxQ5BVd/GTl5agOwSg==
   612	
   613	raw-body@~2.5.3:
   614	  version "2.5.3"
   615	  resolved "https://registry.yarnpkg.com/raw-body/-/raw-body-2.5.3.tgz#11c6650ee770a7de1b494f197927de0c923822e2"
   616	  integrity sha512-s4VSOf6yN0rvbRZGxs8Om5CWj6seneMwK3oDb4lWDH0UPhWcxwOWw5+qk24bxq87szX1ydrwylIOp2uG1ojUpA==
   617	  dependencies:
   618	    bytes "~3.1.2"
   619	    http-errors "~2.0.1"
   620	    iconv-lite "~0.4.24"
   621	    unpipe "~1.0.0"
   622	
   623	safe-buffer@5.2.1:
   624	  version "5.2.1"
   625	  resolved "https://registry.yarnpkg.com/safe-buffer/-/safe-buffer-5.2.1.tgz#1eaf9fa9bdb1fdd4ec75f58f9cdb4e6b7827eec6"
   626	  integrity sha512-rp3So07KcdmmKbGvgaNxQSJr7bGVSVk5S9Eq1F+ppbRo70+YeaDxkw5Dd8NPN+GD6bjnYm2VuPuCXmpuYvmCXQ==
   627	
   628	"safer-buffer@>= 2.1.2 < 3", "safer-buffer@>= 2.1.2 < 3.0.0":
   629	  version "2.1.2"
   630	  resolved "https://registry.yarnpkg.com/safer-buffer/-/safer-buffer-2.1.2.tgz#44fa161b0187b9549dd84bb91802f9bd8385cd6a"
   631	  integrity sha512-YZo3K82SD7Riyi0E1EQPojLz7kpepnSQI9IyPbHHg1XXXevb5dJI7tpyN2ADxGcQbHG7vcyRHk0cbwqcQriUtg==
   632	
   633	send@~0.19.0, send@~0.19.1:
   634	  version "0.19.2"
   635	  resolved "https://registry.yarnpkg.com/send/-/send-0.19.2.tgz#59bc0da1b4ea7ad42736fd642b1c4294e114ff29"
   636	  integrity sha512-VMbMxbDeehAxpOtWJXlcUS5E8iXh6QmN+BkRX1GARS3wRaXEEgzCcB10gTQazO42tpNIya8xIyNx8fll1OFPrg==
   637	  dependencies:
   638	    debug "2.6.9"
   639	    depd "2.0.0"
   640	    destroy "1.2.0"
   641	    encodeurl "~2.0.0"
   642	    escape-html "~1.0.3"
   643	    etag "~1.8.1"
   644	    fresh "~0.5.2"
   645	    http-errors "~2.0.1"
   646	    mime "1.6.0"
   647	    ms "2.1.3"
   648	    on-finished "~2.4.1"
   649	    range-parser "~1.2.1"
   650	    statuses "~2.0.2"
   651	
   652	serve-static@~1.16.2:
   653	  version "1.16.3"
   654	  resolved "https://registry.yarnpkg.com/serve-static/-/serve-static-1.16.3.tgz#a97b74d955778583f3862a4f0b841eb4d5d78cf9"
   655	  integrity sha512-x0RTqQel6g5SY7Lg6ZreMmsOzncHFU7nhnRWkKgWuMTu5NN0DR5oruckMqRvacAN9d5w6ARnRBXl9xhDCgfMeA==
   656	  dependencies:
   657	    encodeurl "~2.0.0"
   658	    escape-html "~1.0.3"
   659	    parseurl "~1.3.3"
   660	    send "~0.19.1"
   661	
   662	setprototypeof@1.2.0, setprototypeof@~1.2.0:
   663	  version "1.2.0"
   664	  resolved "https://registry.yarnpkg.com/setprototypeof/-/setprototypeof-1.2.0.tgz#66c9a24a73f9fc28cbe66b09fed3d33dcaf1b424"
   665	  integrity sha512-E5LDX7Wrp85Kil5bhZv46j8jOeboKq5JMmYM3gVGdGH8xFpPWXUMsNrlODCrkoxMEeNi/XZIwuRvY4XNwYMJpw==
   666	
   667	side-channel-list@^1.0.0:
   668	  version "1.0.1"
   669	  resolved "https://registry.yarnpkg.com/side-channel-list/-/side-channel-list-1.0.1.tgz#c2e0b5a14a540aebee3bbc6c3f8666cc9b509127"
   670	  integrity sha512-mjn/0bi/oUURjc5Xl7IaWi/OJJJumuoJFQJfDDyO46+hBWsfaVM65TBHq2eoZBhzl9EchxOijpkbRC8SVBQU0w==
   671	  dependencies:
   672	    es-errors "^1.3.0"
   673	    object-inspect "^1.13.4"
   674	
   675	side-channel-map@^1.0.1:
   676	  version "1.0.1"
   677	  resolved "https://registry.yarnpkg.com/side-channel-map/-/side-channel-map-1.0.1.tgz#d6bb6b37902c6fef5174e5f533fab4c732a26f42"
   678	  integrity sha512-VCjCNfgMsby3tTdo02nbjtM/ewra6jPHmpThenkTYh8pG9ucZ/1P8So4u4FGBek/BjpOVsDCMoLA/iuBKIFXRA==
   679	  dependencies:
   680	    call-bound "^1.0.2"
   681	    es-errors "^1.3.0"
   682	    get-intrinsic "^1.2.5"
   683	    object-inspect "^1.13.3"
   684	
   685	side-channel-weakmap@^1.0.2:
   686	  version "1.0.2"
   687	  resolved "https://registry.yarnpkg.com/side-channel-weakmap/-/side-channel-weakmap-1.0.2.tgz#11dda19d5368e40ce9ec2bdc1fb0ecbc0790ecea"
   688	  integrity sha512-WPS/HvHQTYnHisLo9McqBHOJk2FkHO/tlpvldyrnem4aeQp4hai3gythswg6p01oSoTl58rcpiFAjF2br2Ak2A==
   689	  dependencies:
   690	    call-bound "^1.0.2"
   691	    es-errors "^1.3.0"
   692	    get-intrinsic "^1.2.5"
   693	    object-inspect "^1.13.3"
   694	    side-channel-map "^1.0.1"
   695	
   696	side-channel@^1.1.0:
   697	  version "1.1.0"
   698	  resolved "https://registry.yarnpkg.com/side-channel/-/side-channel-1.1.0.tgz#c3fcff9c4da932784873335ec9765fa94ff66bc9"
   699	  integrity sha512-ZX99e6tRweoUXqR+VBrslhda51Nh5MTQwou5tnUDgbtyM0dBgmhEDtWGP/xbKn6hqfPRHujUNwz5fy/wbbhnpw==
   700	  dependencies:
   701	    es-errors "^1.3.0"
   702	    object-inspect "^1.13.3"
   703	    side-channel-list "^1.0.0"
   704	    side-channel-map "^1.0.1"
   705	    side-channel-weakmap "^1.0.2"
   706	
   707	statuses@~2.0.1, statuses@~2.0.2:
   708	  version "2.0.2"
   709	  resolved "https://registry.yarnpkg.com/statuses/-/statuses-2.0.2.tgz#8f75eecef765b5e1cfcdc080da59409ed424e382"
   710	  integrity sha512-DvEy55V3DB7uknRo+4iOGT5fP1slR8wQohVdknigZPMpMstaKJQWhwiYBACJE3Ul2pTnATihhBYnRhZQHGBiRw==
   711	
   712	toidentifier@~1.0.1:
   713	  version "1.0.1"
   714	  resolved "https://registry.yarnpkg.com/toidentifier/-/toidentifier-1.0.1.tgz#3be34321a88a820ed1bd80dfaa33e479fbb8dd35"
   715	  integrity sha512-o5sSPKEkg/DIQNmH43V0/uerLrpzVedkUh8tGNvaeXpfpuwjKenlSox/2O/BTlZUtEe+JG7s5YhEz608PlAHRA==
   716	
   717	type-is@~1.6.18:
   718	  version "1.6.18"
   719	  resolved "https://registry.yarnpkg.com/type-is/-/type-is-1.6.18.tgz#4e552cd05df09467dcbc4ef739de89f2cf37c131"
   720	  integrity sha512-TkRKr9sUTxEH8MdfuCSP7VizJyzRNMjj2J2do2Jr3Kym598JVdEksuzPQCnlFPW4ky9Q+iA+ma9BGm06XQBy8g==
   721	  dependencies:
   722	    media-typer "0.3.0"
   723	    mime-types "~2.1.24"
   724	
   725	undici@^7.19.0:
   726	  version "7.25.0"
   727	  resolved "https://registry.yarnpkg.com/undici/-/undici-7.25.0.tgz#7d72fc429a0421769ca2966fd07cac875c85b781"
   728	  integrity sha512-xXnp4kTyor2Zq+J1FfPI6Eq3ew5h6Vl0F/8d9XU5zZQf1tX9s2Su1/3PiMmUANFULpmksxkClamIZcaUqryHsQ==
   729	
   730	unpipe@~1.0.0:
   731	  version "1.0.0"
   732	  resolved "https://registry.yarnpkg.com/unpipe/-/unpipe-1.0.0.tgz#b2bf4ee8514aae6165b4817829d21b2ef49904ec"
   733	  integrity sha512-pjy2bYhSsufwWlKwPc+l3cN7+wuJlK6uz0YdJEOlQDbl6jo/YlPi4mb8agUkVC8BF7V8NuzeyPNqRksA3hztKQ==
   734	
   735	util@^0.10.3:
   736	  version "0.10.4"
   737	  resolved "https://registry.yarnpkg.com/util/-/util-0.10.4.tgz#3aa0125bfe668a4672de58857d3ace27ecb76901"
   738	  integrity sha512-0Pm9hTQ3se5ll1XihRic3FDIku70C+iHUdT/W926rSgHV5QgXsYbKZN8MSC3tJtSkhuROzvsQjAaFENRXr+19A==
   739	  dependencies:
   740	    inherits "2.0.3"
   741	
   742	utils-merge@1.0.1:
   743	  version "1.0.1"
   744	  resolved "https://registry.yarnpkg.com/utils-merge/-/utils-merge-1.0.1.tgz#9f95710f50a267947b2ccc124741c1028427e713"
   745	  integrity sha512-pMZTvIkT1d+TFGvDOqodOclx0QWkkgi6Tdoa8gC8ffGAAqz9pzPTZWAybbsHHoED/ztMtkv/VoYTYyShUn81hA==
   746	
   747	vary@~1.1.2:
   748	  version "1.1.2"
   749	  resolved "https://registry.yarnpkg.com/vary/-/vary-1.1.2.tgz#2299f02c6ded30d4a5961b0b9f74524a18f634fc"
   750	  integrity sha512-BNGbWLfd0eUPabhkXUVm0j8uuvREyTh5ovRa/dyow/BqAbZJyC+5fU+IzQOzmAKzYqYRAISoRhdQr3eIZ/PXqg==
   751	
   752	whatwg-encoding@^3.1.1:
   753	  version "3.1.1"
   754	  resolved "https://registry.yarnpkg.com/whatwg-encoding/-/whatwg-encoding-3.1.1.tgz#d0f4ef769905d426e1688f3e34381a99b60b76e5"
   755	  integrity sha512-6qN4hJdMwfYBtE3YBTTHhoeuUrDBPZmbQaxWAqSALV/MeEnR5z1xd8UKud2RAkFoPkmB+hli1TZSnyi84xz1vQ==
   756	  dependencies:
   757	    iconv-lite "0.6.3"
   758	
   759	whatwg-mimetype@^4.0.0:
   760	  version "4.0.0"
   761	  resolved "https://registry.yarnpkg.com/whatwg-mimetype/-/whatwg-mimetype-4.0.0.tgz#bc1bf94a985dc50388d54a9258ac405c3ca2fc0a"
   762	  integrity sha512-QaKxh0eNIi2mE9p2vEdzfagOKHCcj1pJ56EEHGQOVxp8r9/iszLUUV7v89x9O1p/T+NlTM5W7jW6+cz4Fq1YVg==
   763	